
Microsoft Visual Studio Solution File, Format Version 12.00
# Visual Studio Version 17
VisualStudioVersion = 17.2.32630.192
MinimumVisualStudioVersion = 10.0.40219.1
Project("{9A19103F-16F7-4668-BE54-9A1E7A4F7556}") = "server", "server\server.csproj", "{3D526E47-0616-4342-963D-5DFC974C4CF4}"
EndProject
Project("{54A90642-561A-4BB1-A94E-469ADEE60C69}") = "client", "client\client.esproj", "{C1275011-756D-4D91-A2C9-C0B8A1FABBA0}"
EndProject
Global
	GlobalSection(SolutionConfigurationPlatforms) = preSolution
		Debug|Any CPU = Debug|Any CPU
		Release|Any CPU = Release|Any CPU
	EndGlobalSection
	GlobalSection(ProjectConfigurationPlatforms) = postSolution
		{3D526E47-0616-4342-963D-5DFC974C4CF4}.Debug|Any CPU.ActiveCfg = Debug|Any CPU
		{3D526E47-0616-4342-963D-5DFC974C4CF4}.Debug|Any CPU.Build.0 = Debug|Any CPU
		{3D526E47-0616-4342-963D-5DFC974C4CF4}.Release|Any CPU.ActiveCfg = Release|Any CPU
		{3D526E47-0616-4342-963D-5DFC974C4CF4}.Release|Any CPU.Build.0 = Release|Any CPU
		{C1275011-756D-4D91-A2C9-C0B8A1FABBA0}.Debug|Any CPU.ActiveCfg = Debug|Any CPU
		{C1275011-756D-4D91-A2C9-C0B8A1FABBA0}.Debug|Any CPU.Build.0 = Debug|Any CPU
		{C1275011-756D-4D91-A2C9-C0B8A1FABBA0}.Debug|Any CPU.Deploy.0 = Debug|Any CPU
		{C1275011-756D-4D91-A2C9-C0B8A1FABBA0}.Release|Any CPU.ActiveCfg = Release|Any CPU
		{C1275011-756D-4D91-A2C9-C0B8A1FABBA0}.Release|Any CPU.Build.0 = Release|Any CPU
		{C1275011-756D-4D91-A2C9-C0B8A1FABBA0}.Release|Any CPU.Deploy.0 = Release|Any CPU
	EndGlobalSection
	GlobalSection(SolutionProperties) = preSolution
		HideSolutionNode = FALSE
	EndGlobalSection
	GlobalSection(ExtensibilityGlobals) = postSolution
		SolutionGuid = {72BCB896-0152-420A-A1EA-0E842A08ADD2}
	EndGlobalSection
EndGlobal
